// !$*UTF8*$!
{
	archiveVersion = 1;
	classes = {
	};
	objectVersion = 46;
	objects = {

/* Begin PBXBuildFile section */
		062272D11EB2792100E7AB7E /* MyMapStyle.json in Resources */ = {isa = PBXBuildFile; fileRef = 062272D01EB2792100E7AB7E /* MyMapStyle.json */; };
		062272D31EB2971800E7AB7E /* CentralParkRun.gpx in Resources */ = {isa = PBXBuildFile; fileRef = 062272D21EB2971800E7AB7E /* CentralParkRun.gpx */; };
		063FD4581EB256210083D7A8 /* AppDelegate.swift in Sources */ = {isa = PBXBuildFile; fileRef = 063FD4571EB256210083D7A8 /* AppDelegate.swift */; };
		063FD45D1EB256210083D7A8 /* Main.storyboard in Resources */ = {isa = PBXBuildFile; fileRef = 063FD45B1EB256210083D7A8 /* Main.storyboard */; };
		063FD4601EB256210083D7A8 /* Lazesnor.xcdatamodeld in Sources */ = {isa = PBXBuildFile; fileRef = 063FD45E1EB256210083D7A8 /* Lazesnor.xcdatamodeld */; };
		063FD4621EB256210083D7A8 /* Assets.xcassets in Resources */ = {isa = PBXBuildFile; fileRef = 063FD4611EB256210083D7A8 /* Assets.xcassets */; };
		063FD4651EB256210083D7A8 /* LaunchScreen.storyboard in Resources */ = {isa = PBXBuildFile; fileRef = 063FD4631EB256210083D7A8 /* LaunchScreen.storyboard */; };
		063FD4701EB256220083D7A8 /* LazesnorTests.swift in Sources */ = {isa = PBXBuildFile; fileRef = 063FD46F1EB256220083D7A8 /* LazesnorTests.swift */; };
		063FD47E1EB262D10083D7A8 /* MainMapViewController.swift in Sources */ = {isa = PBXBuildFile; fileRef = 063FD47D1EB262D10083D7A8 /* MainMapViewController.swift */; };
		1159A2B6A71A8478C90838A0 /* Pods_LazesnorTests.framework in Frameworks */ = {isa = PBXBuildFile; fileRef = 7A4370251685A324140434EB /* Pods_LazesnorTests.framework */; };
		2AE92CF379C8F5C64BB4ABE5 /* Pods_Lazesnor.framework in Frameworks */ = {isa = PBXBuildFile; fileRef = 6AF109680E75C7B022AF8768 /* Pods_Lazesnor.framework */; };
/* End PBXBuildFile section */

/* Begin PBXContainerItemProxy section */
		063FD46C1EB256220083D7A8 /* PBXContainerItemProxy */ = {
			isa = PBXContainerItemProxy;
			containerPortal = 063FD44C1EB256210083D7A8 /* Project object */;
			proxyType = 1;
			remoteGlobalIDString = 063FD4531EB256210083D7A8;
			remoteInfo = Lazesnor;
		};
/* End PBXContainerItemProxy section */

/* Begin PBXFileReference section */
		062272D01EB2792100E7AB7E /* MyMapStyle.json */ = {isa = PBXFileReference; fileEncoding = 4; lastKnownFileType = text.json; name = MyMapStyle.json; path = "Support Files/MyMapStyle.json"; sourceTree = "<group>"; };
		062272D21EB2971800E7AB7E /* CentralParkRun.gpx */ = {isa = PBXFileReference; fileEncoding = 4; lastKnownFileType = text.xml; path = CentralParkRun.gpx; sourceTree = "<group>"; };
		063FD4541EB256210083D7A8 /* Lazesnor.app */ = {isa = PBXFileReference; explicitFileType = wrapper.application; includeInIndex = 0; path = Lazesnor.app; sourceTree = BUILT_PRODUCTS_DIR; };
		063FD4571EB256210083D7A8 /* AppDelegate.swift */ = {isa = PBXFileReference; lastKnownFileType = sourcecode.swift; path = AppDelegate.swift; sourceTree = "<group>"; };
		063FD45C1EB256210083D7A8 /* Base */ = {isa = PBXFileReference; lastKnownFileType = file.storyboard; name = Base; path = Base.lproj/Main.storyboard; sourceTree = "<group>"; };
		063FD45F1EB256210083D7A8 /* Lazesnor.xcdatamodel */ = {isa = PBXFileReference; lastKnownFileType = wrapper.xcdatamodel; path = Lazesnor.xcdatamodel; sourceTree = "<group>"; };
		063FD4611EB256210083D7A8 /* Assets.xcassets */ = {isa = PBXFileReference; lastKnownFileType = folder.assetcatalog; path = Assets.xcassets; sourceTree = "<group>"; };
		063FD4641EB256210083D7A8 /* Base */ = {isa = PBXFileReference; lastKnownFileType = file.storyboard; name = Base; path = Base.lproj/LaunchScreen.storyboard; sourceTree = "<group>"; };
		063FD4661EB256210083D7A8 /* Info.plist */ = {isa = PBXFileReference; lastKnownFileType = text.plist.xml; path = Info.plist; sourceTree = "<group>"; };
		063FD46B1EB256220083D7A8 /* LazesnorTests.xctest */ = {isa = PBXFileReference; explicitFileType = wrapper.cfbundle; includeInIndex = 0; path = LazesnorTests.xctest; sourceTree = BUILT_PRODUCTS_DIR; };
		063FD46F1EB256220083D7A8 /* LazesnorTests.swift */ = {isa = PBXFileReference; lastKnownFileType = sourcecode.swift; path = LazesnorTests.swift; sourceTree = "<group>"; };
		063FD4711EB256220083D7A8 /* Info.plist */ = {isa = PBXFileReference; lastKnownFileType = text.plist.xml; path = Info.plist; sourceTree = "<group>"; };
		063FD47D1EB262D10083D7A8 /* MainMapViewController.swift */ = {isa = PBXFileReference; fileEncoding = 4; lastKnownFileType = sourcecode.swift; name = MainMapViewController.swift; path = Controllers/MainMapViewController.swift; sourceTree = "<group>"; };
		141D78D836428743A3598DC1 /* Pods-LazesnorTests.release.xcconfig */ = {isa = PBXFileReference; includeInIndex = 1; lastKnownFileType = text.xcconfig; name = "Pods-LazesnorTests.release.xcconfig"; path = "Pods/Target Support Files/Pods-LazesnorTests/Pods-LazesnorTests.release.xcconfig"; sourceTree = "<group>"; };
		6AF109680E75C7B022AF8768 /* Pods_Lazesnor.framework */ = {isa = PBXFileReference; explicitFileType = wrapper.framework; includeInIndex = 0; path = Pods_Lazesnor.framework; sourceTree = BUILT_PRODUCTS_DIR; };
		7A4370251685A324140434EB /* Pods_LazesnorTests.framework */ = {isa = PBXFileReference; explicitFileType = wrapper.framework; includeInIndex = 0; path = Pods_LazesnorTests.framework; sourceTree = BUILT_PRODUCTS_DIR; };
		8A23A8999454B75C678F61A0 /* Pods-Lazesnor.release.xcconfig */ = {isa = PBXFileReference; includeInIndex = 1; lastKnownFileType = text.xcconfig; name = "Pods-Lazesnor.release.xcconfig"; path = "Pods/Target Support Files/Pods-Lazesnor/Pods-Lazesnor.release.xcconfig"; sourceTree = "<group>"; };
		B9F7494D9C60B5D767B533C4 /* Pods-LazesnorTests.debug.xcconfig */ = {isa = PBXFileReference; includeInIndex = 1; lastKnownFileType = text.xcconfig; name = "Pods-LazesnorTests.debug.xcconfig"; path = "Pods/Target Support Files/Pods-LazesnorTests/Pods-LazesnorTests.debug.xcconfig"; sourceTree = "<group>"; };
		C12F7CBE67BECD4DDB001280 /* Pods-Lazesnor.debug.xcconfig */ = {isa = PBXFileReference; includeInIndex = 1; lastKnownFileType = text.xcconfig; name = "Pods-Lazesnor.debug.xcconfig"; path = "Pods/Target Support Files/Pods-Lazesnor/Pods-Lazesnor.debug.xcconfig"; sourceTree = "<group>"; };
/* End PBXFileReference section */

/* Begin PBXFrameworksBuildPhase section */
		063FD4511EB256210083D7A8 /* Frameworks */ = {
			isa = PBXFrameworksBuildPhase;
			buildActionMask = 2147483647;
			files = (
				2AE92CF379C8F5C64BB4ABE5 /* Pods_Lazesnor.framework in Frameworks */,
			);
			runOnlyForDeploymentPostprocessing = 0;
		};
		063FD4681EB256220083D7A8 /* Frameworks */ = {
			isa = PBXFrameworksBuildPhase;
			buildActionMask = 2147483647;
			files = (
				1159A2B6A71A8478C90838A0 /* Pods_LazesnorTests.framework in Frameworks */,
			);
			runOnlyForDeploymentPostprocessing = 0;
		};
/* End PBXFrameworksBuildPhase section */

/* Begin PBXGroup section */
		062272CF1EB278B700E7AB7E /* Support Files */ = {
			isa = PBXGroup;
			children = (
				062272D01EB2792100E7AB7E /* MyMapStyle.json */,
			);
			name = "Support Files";
			sourceTree = "<group>";
		};
		063FD44B1EB256210083D7A8 = {
			isa = PBXGroup;
			children = (
				063FD4561EB256210083D7A8 /* Lazesnor */,
				063FD46E1EB256220083D7A8 /* LazesnorTests */,
				063FD4551EB256210083D7A8 /* Products */,
				72D560271B3737DEE152B060 /* Pods */,
				91E5BE16E18898A6F1942260 /* Frameworks */,
			);
			sourceTree = "<group>";
		};
		063FD4551EB256210083D7A8 /* Products */ = {
			isa = PBXGroup;
			children = (
				063FD4541EB256210083D7A8 /* Lazesnor.app */,
				063FD46B1EB256220083D7A8 /* LazesnorTests.xctest */,
			);
			name = Products;
			sourceTree = "<group>";
		};
		063FD4561EB256210083D7A8 /* Lazesnor */ = {
			isa = PBXGroup;
			children = (
				063FD4571EB256210083D7A8 /* AppDelegate.swift */,
				063FD47A1EB2622D0083D7A8 /* Models */,
				063FD47C1EB262730083D7A8 /* Views */,
				063FD47B1EB262620083D7A8 /* Controllers */,
				062272CF1EB278B700E7AB7E /* Support Files */,
				063FD47F1EB263340083D7A8 /* Utilities */,
			);
			path = Lazesnor;
			sourceTree = "<group>";
		};
		063FD46E1EB256220083D7A8 /* LazesnorTests */ = {
			isa = PBXGroup;
			children = (
				063FD46F1EB256220083D7A8 /* LazesnorTests.swift */,
				063FD4711EB256220083D7A8 /* Info.plist */,
			);
			path = LazesnorTests;
			sourceTree = "<group>";
		};
		063FD47A1EB2622D0083D7A8 /* Models */ = {
			isa = PBXGroup;
			children = (
			);
			name = Models;
			sourceTree = "<group>";
		};
		063FD47B1EB262620083D7A8 /* Controllers */ = {
			isa = PBXGroup;
			children = (
				063FD47D1EB262D10083D7A8 /* MainMapViewController.swift */,
			);
			name = Controllers;
			sourceTree = "<group>";
		};
		063FD47C1EB262730083D7A8 /* Views */ = {
			isa = PBXGroup;
			children = (
			);
			name = Views;
			sourceTree = "<group>";
		};
		063FD47F1EB263340083D7A8 /* Utilities */ = {
			isa = PBXGroup;
			children = (
				063FD45B1EB256210083D7A8 /* Main.storyboard */,
				062272D21EB2971800E7AB7E /* CentralParkRun.gpx */,
				063FD4611EB256210083D7A8 /* Assets.xcassets */,
				063FD4631EB256210083D7A8 /* LaunchScreen.storyboard */,
				063FD4661EB256210083D7A8 /* Info.plist */,
				063FD45E1EB256210083D7A8 /* Lazesnor.xcdatamodeld */,
			);
			name = Utilities;
			sourceTree = "<group>";
		};
		72D560271B3737DEE152B060 /* Pods */ = {
			isa = PBXGroup;
			children = (
				C12F7CBE67BECD4DDB001280 /* Pods-Lazesnor.debug.xcconfig */,
				8A23A8999454B75C678F61A0 /* Pods-Lazesnor.release.xcconfig */,
				B9F7494D9C60B5D767B533C4 /* Pods-LazesnorTests.debug.xcconfig */,
				141D78D836428743A3598DC1 /* Pods-LazesnorTests.release.xcconfig */,
			);
			name = Pods;
			sourceTree = "<group>";
		};
		91E5BE16E18898A6F1942260 /* Frameworks */ = {
			isa = PBXGroup;
			children = (
				6AF109680E75C7B022AF8768 /* Pods_Lazesnor.framework */,
				7A4370251685A324140434EB /* Pods_LazesnorTests.framework */,
			);
			name = Frameworks;
			sourceTree = "<group>";
		};
/* End PBXGroup section */

/* Begin PBXNativeTarget section */
		063FD4531EB256210083D7A8 /* Lazesnor */ = {
			isa = PBXNativeTarget;
			buildConfigurationList = 063FD4741EB256220083D7A8 /* Build configuration list for PBXNativeTarget "Lazesnor" */;
			buildPhases = (
				58CC334A8314424E6A382840 /* [CP] Check Pods Manifest.lock */,
				063FD4501EB256210083D7A8 /* Sources */,
				063FD4511EB256210083D7A8 /* Frameworks */,
				063FD4521EB256210083D7A8 /* Resources */,
				8BE852FF1ACC69EC6614DCC2 /* [CP] Embed Pods Frameworks */,
				AA904613C141A76B7843E742 /* [CP] Copy Pods Resources */,
			);
			buildRules = (
			);
			dependencies = (
			);
			name = Lazesnor;
			productName = Lazesnor;
			productReference = 063FD4541EB256210083D7A8 /* Lazesnor.app */;
			productType = "com.apple.product-type.application";
		};
		063FD46A1EB256220083D7A8 /* LazesnorTests */ = {
			isa = PBXNativeTarget;
			buildConfigurationList = 063FD4771EB256220083D7A8 /* Build configuration list for PBXNativeTarget "LazesnorTests" */;
			buildPhases = (
				81D2C4003B897345CC0FB8F1 /* [CP] Check Pods Manifest.lock */,
				063FD4671EB256220083D7A8 /* Sources */,
				063FD4681EB256220083D7A8 /* Frameworks */,
				063FD4691EB256220083D7A8 /* Resources */,
				A57E92457D98AC7E187E9D87 /* [CP] Embed Pods Frameworks */,
				2499B61EDFE8154E83DA0AD7 /* [CP] Copy Pods Resources */,
			);
			buildRules = (
			);
			dependencies = (
				063FD46D1EB256220083D7A8 /* PBXTargetDependency */,
			);
			name = LazesnorTests;
			productName = LazesnorTests;
			productReference = 063FD46B1EB256220083D7A8 /* LazesnorTests.xctest */;
			productType = "com.apple.product-type.bundle.unit-test";
		};
/* End PBXNativeTarget section */

/* Begin PBXProject section */
		063FD44C1EB256210083D7A8 /* Project object */ = {
			isa = PBXProject;
			attributes = {
				LastSwiftUpdateCheck = 0830;
				LastUpgradeCheck = 0830;
				ORGANIZATIONNAME = TongLin91;
				TargetAttributes = {
					063FD4531EB256210083D7A8 = {
						CreatedOnToolsVersion = 8.3.2;
						DevelopmentTeam = 7NBTE6SY4Z;
						ProvisioningStyle = Automatic;
					};
					063FD46A1EB256220083D7A8 = {
						CreatedOnToolsVersion = 8.3.2;
						DevelopmentTeam = 7NBTE6SY4Z;
						ProvisioningStyle = Automatic;
						TestTargetID = 063FD4531EB256210083D7A8;
					};
				};
			};
			buildConfigurationList = 063FD44F1EB256210083D7A8 /* Build configuration list for PBXProject "Lazesnor" */;
			compatibilityVersion = "Xcode 3.2";
			developmentRegion = English;
			hasScannedForEncodings = 0;
			knownRegions = (
				en,
				Base,
			);
			mainGroup = 063FD44B1EB256210083D7A8;
			productRefGroup = 063FD4551EB256210083D7A8 /* Products */;
			projectDirPath = "";
			projectRoot = "";
			targets = (
				063FD4531EB256210083D7A8 /* Lazesnor */,
				063FD46A1EB256220083D7A8 /* LazesnorTests */,
			);
		};
/* End PBXProject section */

/* Begin PBXResourcesBuildPhase section */
		063FD4521EB256210083D7A8 /* Resources */ = {
			isa = PBXResourcesBuildPhase;
			buildActionMask = 2147483647;
			files = (
				062272D31EB2971800E7AB7E /* CentralParkRun.gpx in Resources */,
				062272D11EB2792100E7AB7E /* MyMapStyle.json in Resources */,
				063FD4651EB256210083D7A8 /* LaunchScreen.storyboard in Resources */,
				063FD4621EB256210083D7A8 /* Assets.xcassets in Resources */,
				063FD45D1EB256210083D7A8 /* Main.storyboard in Resources */,
			);
			runOnlyForDeploymentPostprocessing = 0;
		};
		063FD4691EB256220083D7A8 /* Resources */ = {
			isa = PBXResourcesBuildPhase;
			buildActionMask = 2147483647;
			files = (
			);
			runOnlyForDeploymentPostprocessing = 0;
		};
/* End PBXResourcesBuildPhase section */

/* Begin PBXShellScriptBuildPhase section */
		2499B61EDFE8154E83DA0AD7 /* [CP] Copy Pods Resources */ = {
			isa = PBXShellScriptBuildPhase;
			buildActionMask = 2147483647;
			files = (
			);
			inputPaths = (
			);
			name = "[CP] Copy Pods Resources";
			outputPaths = (
			);
			runOnlyForDeploymentPostprocessing = 0;
			shellPath = /bin/sh;
			shellScript = "\"${SRCROOT}/Pods/Target Support Files/Pods-LazesnorTests/Pods-LazesnorTests-resources.sh\"\n";
			showEnvVarsInLog = 0;
		};
		58CC334A8314424E6A382840 /* [CP] Check Pods Manifest.lock */ = {
			isa = PBXShellScriptBuildPhase;
			buildActionMask = 2147483647;
			files = (
			);
			inputPaths = (
			);
			name = "[CP] Check Pods Manifest.lock";
			outputPaths = (
			);
			runOnlyForDeploymentPostprocessing = 0;
			shellPath = /bin/sh;
			shellScript = "diff \"${PODS_ROOT}/../Podfile.lock\" \"${PODS_ROOT}/Manifest.lock\" > /dev/null\nif [ $? != 0 ] ; then\n    # print error to STDERR\n    echo \"error: The sandbox is not in sync with the Podfile.lock. Run 'pod install' or update your CocoaPods installation.\" >&2\n    exit 1\nfi\n";
			showEnvVarsInLog = 0;
		};
		81D2C4003B897345CC0FB8F1 /* [CP] Check Pods Manifest.lock */ = {
			isa = PBXShellScriptBuildPhase;
			buildActionMask = 2147483647;
			files = (
			);
			inputPaths = (
			);
			name = "[CP] Check Pods Manifest.lock";
			outputPaths = (
			);
			runOnlyForDeploymentPostprocessing = 0;
			shellPath = /bin/sh;
			shellScript = "diff \"${PODS_ROOT}/../Podfile.lock\" \"${PODS_ROOT}/Manifest.lock\" > /dev/null\nif [ $? != 0 ] ; then\n    # print error to STDERR\n    echo \"error: The sandbox is not in sync with the Podfile.lock. Run 'pod install' or update your CocoaPods installation.\" >&2\n    exit 1\nfi\n";
			showEnvVarsInLog = 0;
		};
		8BE852FF1ACC69EC6614DCC2 /* [CP] Embed Pods Frameworks */ = {
			isa = PBXShellScriptBuildPhase;
			buildActionMask = 2147483647;
			files = (
			);
			inputPaths = (
			);
			name = "[CP] Embed Pods Frameworks";
			outputPaths = (
			);
			runOnlyForDeploymentPostprocessing = 0;
			shellPath = /bin/sh;
			shellScript = "\"${SRCROOT}/Pods/Target Support Files/Pods-Lazesnor/Pods-Lazesnor-frameworks.sh\"\n";
			showEnvVarsInLog = 0;
		};
		A57E92457D98AC7E187E9D87 /* [CP] Embed Pods Frameworks */ = {
			isa = PBXShellScriptBuildPhase;
			buildActionMask = 2147483647;
			files = (
			);
			inputPaths = (
			);
			name = "[CP] Embed Pods Frameworks";
			outputPaths = (
			);
			runOnlyForDeploymentPostprocessing = 0;
			shellPath = /bin/sh;
			shellScript = "\"${SRCROOT}/Pods/Target Support Files/Pods-LazesnorTests/Pods-LazesnorTests-frameworks.sh\"\n";
			showEnvVarsInLog = 0;
		};
		AA904613C141A76B7843E742 /* [CP] Copy Pods Resources */ = {
			isa = PBXShellScriptBuildPhase;
			buildActionMask = 2147483647;
			files = (
			);
			inputPaths = (
			);
			name = "[CP] Copy Pods Resources";
			outputPaths = (
			);
			runOnlyForDeploymentPostprocessing = 0;
			shellPath = /bin/sh;
			shellScript = "\"${SRCROOT}/Pods/Target Support Files/Pods-Lazesnor/Pods-Lazesnor-resources.sh\"\n";
			showEnvVarsInLog = 0;
		};
/* End PBXShellScriptBuildPhase section */

/* Begin PBXSourcesBuildPhase section */
		063FD4501EB256210083D7A8 /* Sources */ = {
			isa = PBXSourcesBuildPhase;
			buildActionMask = 2147483647;
			files = (
				063FD47E1EB262D10083D7A8 /* MainMapViewController.swift in Sources */,
				063FD4601EB256210083D7A8 /* Lazesnor.xcdatamodeld in Sources */,
				063FD4581EB256210083D7A8 /* AppDelegate.swift in Sources */,
			);
			runOnlyForDeploymentPostprocessing = 0;
		};
		063FD4671EB256220083D7A8 /* Sources */ = {
			isa = PBXSourcesBuildPhase;
			buildActionMask = 2147483647;
			files = (
				063FD4701EB256220083D7A8 /* LazesnorTests.swift in Sources */,
			);
			runOnlyForDeploymentPostprocessing = 0;
		};
/* End PBXSourcesBuildPhase section */

/* Begin PBXTargetDependency section */
		063FD46D1EB256220083D7A8 /* PBXTargetDependency */ = {
			isa = PBXTargetDependency;
			target = 063FD4531EB256210083D7A8 /* Lazesnor */;
			targetProxy = 063FD46C1EB256220083D7A8 /* PBXContainerItemProxy */;
		};
/* End PBXTargetDependency section */

/* Begin PBXVariantGroup section */
		063FD45B1EB256210083D7A8 /* Main.storyboard */ = {
			isa = PBXVariantGroup;
			children = (
				063FD45C1EB256210083D7A8 /* Base */,
			);
			name = Main.storyboard;
			sourceTree = "<group>";
		};
		063FD4631EB256210083D7A8 /* LaunchScreen.storyboard */ = {
			isa = PBXVariantGroup;
			children = (
				063FD4641EB256210083D7A8 /* Base */,
			);
			name = LaunchScreen.storyboard;
			sourceTree = "<group>";
		};
/* End PBXVariantGroup section */

/* Begin XCBuildConfiguration section */
		063FD4721EB256220083D7A8 /* Debug */ = {
			isa = XCBuildConfiguration;
			buildSettings = {
				ALWAYS_SEARCH_USER_PATHS = NO;
				CLANG_ANALYZER_NONNULL = YES;
				CLANG_ANALYZER_NUMBER_OBJECT_CONVERSION = YES_AGGRESSIVE;
				CLANG_CXX_LANGUAGE_STANDARD = "gnu++0x";
				CLANG_CXX_LIBRARY = "libc++";
				CLANG_ENABLE_MODULES = YES;
				CLANG_ENABLE_OBJC_ARC = YES;
				CLANG_WARN_BOOL_CONVERSION = YES;
				CLANG_WARN_CONSTANT_CONVERSION = YES;
				CLANG_WARN_DIRECT_OBJC_ISA_USAGE = YES_ERROR;
				CLANG_WARN_DOCUMENTATION_COMMENTS = YES;
				CLANG_WARN_EMPTY_BODY = YES;
				CLANG_WARN_ENUM_CONVERSION = YES;
				CLANG_WARN_INFINITE_RECURSION = YES;
				CLANG_WARN_INT_CONVERSION = YES;
				CLANG_WARN_OBJC_ROOT_CLASS = YES_ERROR;
				CLANG_WARN_SUSPICIOUS_MOVE = YES;
				CLANG_WARN_UNREACHABLE_CODE = YES;
				CLANG_WARN__DUPLICATE_METHOD_MATCH = YES;
				"CODE_SIGN_IDENTITY[sdk=iphoneos*]" = "iPhone Developer";
				COPY_PHASE_STRIP = NO;
				DEBUG_INFORMATION_FORMAT = dwarf;
				ENABLE_STRICT_OBJC_MSGSEND = YES;
				ENABLE_TESTABILITY = YES;
				GCC_C_LANGUAGE_STANDARD = gnu99;
				GCC_DYNAMIC_NO_PIC = NO;
				GCC_NO_COMMON_BLOCKS = YES;
				GCC_OPTIMIZATION_LEVEL = 0;
				GCC_PREPROCESSOR_DEFINITIONS = (
					"DEBUG=1",
					"$(inherited)",
				);
				GCC_WARN_64_TO_32_BIT_CONVERSION = YES;
				GCC_WARN_ABOUT_RETURN_TYPE = YES_ERROR;
				GCC_WARN_UNDECLARED_SELECTOR = YES;
				GCC_WARN_UNINITIALIZED_AUTOS = YES_AGGRESSIVE;
				GCC_WARN_UNUSED_FUNCTION = YES;
				GCC_WARN_UNUSED_VARIABLE = YES;
				IPHONEOS_DEPLOYMENT_TARGET = 10.3;
				MTL_ENABLE_DEBUG_INFO = YES;
				ONLY_ACTIVE_ARCH = YES;
				SDKROOT = iphoneos;
				SWIFT_ACTIVE_COMPILATION_CONDITIONS = DEBUG;
				SWIFT_OPTIMIZATION_LEVEL = "-Onone";
			};
			name = Debug;
		};
		063FD4731EB256220083D7A8 /* Release */ = {
			isa = XCBuildConfiguration;
			buildSettings = {
				ALWAYS_SEARCH_USER_PATHS = NO;
				CLANG_ANALYZER_NONNULL = YES;
				CLANG_ANALYZER_NUMBER_OBJECT_CONVERSION = YES_AGGRESSIVE;
				CLANG_CXX_LANGUAGE_STANDARD = "gnu++0x";
				CLANG_CXX_LIBRARY = "libc++";
				CLANG_ENABLE_MODULES = YES;
				CLANG_ENABLE_OBJC_ARC = YES;
				CLANG_WARN_BOOL_CONVERSION = YES;
				CLANG_WARN_CONSTANT_CONVERSION = YES;
				CLANG_WARN_DIRECT_OBJC_ISA_USAGE = YES_ERROR;
				CLANG_WARN_DOCUMENTATION_COMMENTS = YES;
				CLANG_WARN_EMPTY_BODY = YES;
				CLANG_WARN_ENUM_CONVERSION = YES;
				CLANG_WARN_INFINITE_RECURSION = YES;
				CLANG_WARN_INT_CONVERSION = YES;
				CLANG_WARN_OBJC_ROOT_CLASS = YES_ERROR;
				CLANG_WARN_SUSPICIOUS_MOVE = YES;
				CLANG_WARN_UNREACHABLE_CODE = YES;
				CLANG_WARN__DUPLICATE_METHOD_MATCH = YES;
				"CODE_SIGN_IDENTITY[sdk=iphoneos*]" = "iPhone Developer";
				COPY_PHASE_STRIP = NO;
				DEBUG_INFORMATION_FORMAT = "dwarf-with-dsym";
				ENABLE_NS_ASSERTIONS = NO;
				ENABLE_STRICT_OBJC_MSGSEND = YES;
				GCC_C_LANGUAGE_STANDARD = gnu99;
				GCC_NO_COMMON_BLOCKS = YES;
				GCC_WARN_64_TO_32_BIT_CONVERSION = YES;
				GCC_WARN_ABOUT_RETURN_TYPE = YES_ERROR;
				GCC_WARN_UNDECLARED_SELECTOR = YES;
				GCC_WARN_UNINITIALIZED_AUTOS = YES_AGGRESSIVE;
				GCC_WARN_UNUSED_FUNCTION = YES;
				GCC_WARN_UNUSED_VARIABLE = YES;
				IPHONEOS_DEPLOYMENT_TARGET = 10.3;
				MTL_ENABLE_DEBUG_INFO = NO;
				SDKROOT = iphoneos;
				SWIFT_OPTIMIZATION_LEVEL = "-Owholemodule";
				VALIDATE_PRODUCT = YES;
			};
			name = Release;
		};
		063FD4751EB256220083D7A8 /* Debug */ = {
			isa = XCBuildConfiguration;
			baseConfigurationReference = C12F7CBE67BECD4DDB001280 /* Pods-Lazesnor.debug.xcconfig */;
			buildSettings = {
				ASSETCATALOG_COMPILER_APPICON_NAME = AppIcon;
				DEVELOPMENT_TEAM = 7NBTE6SY4Z;
				INFOPLIST_FILE = Lazesnor/Info.plist;
				LD_RUNPATH_SEARCH_PATHS = "$(inherited) @executable_path/Frameworks";
				PRODUCT_BUNDLE_IDENTIFIER = "tonglin.t91-gmail.com.Lazesnor";
				PRODUCT_NAME = "$(TARGET_NAME)";
				SWIFT_VERSION = 3.0;
			};
			name = Debug;
		};
		063FD4761EB256220083D7A8 /* Release */ = {
			isa = XCBuildConfiguration;
			baseConfigurationReference = 8A23A8999454B75C678F61A0 /* Pods-Lazesnor.release.xcconfig */;
			buildSettings = {
				ASSETCATALOG_COMPILER_APPICON_NAME = AppIcon;
				DEVELOPMENT_TEAM = 7NBTE6SY4Z;
				INFOPLIST_FILE = Lazesnor/Info.plist;
				LD_RUNPATH_SEARCH_PATHS = "$(inherited) @executable_path/Frameworks";
				PRODUCT_BUNDLE_IDENTIFIER = "tonglin.t91-gmail.com.Lazesnor";
				PRODUCT_NAME = "$(TARGET_NAME)";
				SWIFT_VERSION = 3.0;
			};
			name = Release;
		};
		063FD4781EB256220083D7A8 /* Debug */ = {
			isa = XCBuildConfiguration;
			baseConfigurationReference = B9F7494D9C60B5D767B533C4 /* Pods-LazesnorTests.debug.xcconfig */;
			buildSettings = {
				ALWAYS_EMBED_SWIFT_STANDARD_LIBRARIES = YES;
				BUNDLE_LOADER = "$(TEST_HOST)";
				DEVELOPMENT_TEAM = 7NBTE6SY4Z;
				INFOPLIST_FILE = LazesnorTests/Info.plist;
				LD_RUNPATH_SEARCH_PATHS = "$(inherited) @executable_path/Frameworks @loader_path/Frameworks";
				PRODUCT_BUNDLE_IDENTIFIER = "tonglin.t91-gmail.com.LazesnorTests";
				PRODUCT_NAME = "$(TARGET_NAME)";
				SWIFT_VERSION = 3.0;
				TEST_HOST = "$(BUILT_PRODUCTS_DIR)/Lazesnor.app/Lazesnor";
			};
			name = Debug;
		};
		063FD4791EB256220083D7A8 /* Release */ = {
			isa = XCBuildConfiguration;
			baseConfigurationReference = 141D78D836428743A3598DC1 /* Pods-LazesnorTests.release.xcconfig */;
			buildSettings = {
				ALWAYS_EMBED_SWIFT_STANDARD_LIBRARIES = YES;
				BUNDLE_LOADER = "$(TEST_HOST)";
				DEVELOPMENT_TEAM = 7NBTE6SY4Z;
				INFOPLIST_FILE = LazesnorTests/Info.plist;
				LD_RUNPATH_SEARCH_PATHS = "$(inherited) @executable_path/Frameworks @loader_path/Frameworks";
				PRODUCT_BUNDLE_IDENTIFIER = "tonglin.t91-gmail.com.LazesnorTests";
				PRODUCT_NAME = "$(TARGET_NAME)";
				SWIFT_VERSION = 3.0;
				TEST_HOST = "$(BUILT_PRODUCTS_DIR)/Lazesnor.app/Lazesnor";
			};
			name = Release;
		};
/* End XCBuildConfiguration section */

/* Begin XCConfigurationList section */
		063FD44F1EB256210083D7A8 /* Build configuration list for PBXProject "Lazesnor" */ = {
			isa = XCConfigurationList;
			buildConfigurations = (
				063FD4721EB256220083D7A8 /* Debug */,
				063FD4731EB256220083D7A8 /* Release */,
			);
			defaultConfigurationIsVisible = 0;
			defaultConfigurationName = Release;
		};
		063FD4741EB256220083D7A8 /* Build configuration list for PBXNativeTarget "Lazesnor" */ = {
			isa = XCConfigurationList;
			buildConfigurations = (
				063FD4751EB256220083D7A8 /* Debug */,
				063FD4761EB256220083D7A8 /* Release */,
			);
			defaultConfigurationIsVisible = 0;
			defaultConfigurationName = Release;
		};
		063FD4771EB256220083D7A8 /* Build configuration list for PBXNativeTarget "LazesnorTests" */ = {
			isa = XCConfigurationList;
			buildConfigurations = (
				063FD4781EB256220083D7A8 /* Debug */,
				063FD4791EB256220083D7A8 /* Release */,
			);
			defaultConfigurationIsVisible = 0;
			defaultConfigurationName = Release;
		};
/* End XCConfigurationList section */

/* Begin XCVersionGroup section */
		063FD45E1EB256210083D7A8 /* Lazesnor.xcdatamodeld */ = {
			isa = XCVersionGroup;
			children = (
				063FD45F1EB256210083D7A8 /* Lazesnor.xcdatamodel */,
			);
			currentVersion = 063FD45F1EB256210083D7A8 /* Lazesnor.xcdatamodel */;
			path = Lazesnor.xcdatamodeld;
			sourceTree = "<group>";
			versionGroupType = wrapper.xcdatamodel;
		};
/* End XCVersionGroup section */
	};
	rootObject = 063FD44C1EB256210083D7A8 /* Project object */;
}
